
Microsoft Visual Studio Solution File, Format Version 12.00
# Visual Studio Version 17
VisualStudioVersion = 17.1.31911.260
MinimumVisualStudioVersion = 10.0.40219.1
Project("{9A19103F-16F7-4668-BE54-9A1E7A4F7556}") = "PokemonBDSPRNGLibrary", "PokemonBDSPRNGLibrary\PokemonBDSPRNGLibrary.csproj", "{0631E09F-F987-4E4A-8AFE-D6B3FDDFBE49}"
EndProject
Project("{9A19103F-16F7-4668-BE54-9A1E7A4F7556}") = "Sample", "Sample\Sample.csproj", "{1A533A79-A1E3-455E-B62B-520E359E89B0}"
EndProject
Project("{FAE04EC0-301F-11D3-BF4B-00C04F79EFBC}") = "Test", "Test\Test.csproj", "{7628C8A5-5859-4DE4-AFAF-D47B9D455389}"
EndProject
Global
	GlobalSection(SolutionConfigurationPlatforms) = preSolution
		Debug|Any CPU = Debug|Any CPU
		Release|Any CPU = Release|Any CPU
	EndGlobalSection
	GlobalSection(ProjectConfigurationPlatforms) = postSolution
		{0631E09F-F987-4E4A-8AFE-D6B3FDDFBE49}.Debug|Any CPU.ActiveCfg = Debug|Any CPU
		{0631E09F-F987-4E4A-8AFE-D6B3FDDFBE49}.Debug|Any CPU.Build.0 = Debug|Any CPU
		{0631E09F-F987-4E4A-8AFE-D6B3FDDFBE49}.Release|Any CPU.ActiveCfg = Release|Any CPU
		{0631E09F-F987-4E4A-8AFE-D6B3FDDFBE49}.Release|Any CPU.Build.0 = Release|Any CPU
		{1A533A79-A1E3-455E-B62B-520E359E89B0}.Debug|Any CPU.ActiveCfg = Debug|Any CPU
		{1A533A79-A1E3-455E-B62B-520E359E89B0}.Debug|Any CPU.Build.0 = Debug|Any CPU
		{1A533A79-A1E3-455E-B62B-520E359E89B0}.Release|Any CPU.ActiveCfg = Release|Any CPU
		{1A533A79-A1E3-455E-B62B-520E359E89B0}.Release|Any CPU.Build.0 = Release|Any CPU
		{7628C8A5-5859-4DE4-AFAF-D47B9D455389}.Debug|Any CPU.ActiveCfg = Debug|Any CPU
		{7628C8A5-5859-4DE4-AFAF-D47B9D455389}.Debug|Any CPU.Build.0 = Debug|Any CPU
		{7628C8A5-5859-4DE4-AFAF-D47B9D455389}.Release|Any CPU.ActiveCfg = Release|Any CPU
		{7628C8A5-5859-4DE4-AFAF-D47B9D455389}.Release|Any CPU.Build.0 = Release|Any CPU
	EndGlobalSection
	GlobalSection(SolutionProperties) = preSolution
		HideSolutionNode = FALSE
	EndGlobalSection
	GlobalSection(ExtensibilityGlobals) = postSolution
		SolutionGuid = {C39DF249-49F5-4A8E-833C-2E99993AA7B1}
	EndGlobalSection
EndGlobal
